
Microsoft Visual Studio Solution File, Format Version 12.00
# Visual Studio Version 17
VisualStudioVersion = 17.5.33516.290
MinimumVisualStudioVersion = 10.0.40219.1
Project("{FAE04EC0-301F-11D3-BF4B-00C04F79EFBC}") = "NetInterview", "NetInterview\NetInterview.csproj", "{9DF82F8B-7C72-464E-964C-F8D8C7323C52}"
EndProject
Global
	GlobalSection(SolutionConfigurationPlatforms) = preSolution
		Debug|Any CPU = Debug|Any CPU
		Release|Any CPU = Release|Any CPU
	EndGlobalSection
	GlobalSection(ProjectConfigurationPlatforms) = postSolution
		{9DF82F8B-7C72-464E-964C-F8D8C7323C52}.Debug|Any CPU.ActiveCfg = Debug|Any CPU
		{9DF82F8B-7C72-464E-964C-F8D8C7323C52}.Debug|Any CPU.Build.0 = Debug|Any CPU
		{9DF82F8B-7C72-464E-964C-F8D8C7323C52}.Release|Any CPU.ActiveCfg = Release|Any CPU
		{9DF82F8B-7C72-464E-964C-F8D8C7323C52}.Release|Any CPU.Build.0 = Release|Any CPU
	EndGlobalSection
	GlobalSection(SolutionProperties) = preSolution
		HideSolutionNode = FALSE
	EndGlobalSection
	GlobalSection(ExtensibilityGlobals) = postSolution
		SolutionGuid = {04DAF59A-5901-458F-8B05-1CFF18E2CAD7}
	EndGlobalSection
EndGlobal
